# THIS IS AN AUTOGENERATED FILE. DO NOT EDIT THIS FILE DIRECTLY.
# yarn lockfile v1


react-native-ease-skeleton@^0.5.0:
  version "0.5.0"
  resolved "https://registry.yarnpkg.com/react-native-ease-skeleton/-/react-native-ease-skeleton-0.5.0.tgz#68b06854efe929d00df5e11872a92c13d2498b80"
  integrity sha512-0oCOiw3iJydzALbubP38PgwkAtyYhAX4h7uRHSFb2p/tDojG3P+Pj2khGO5SGwhYpLdwlqMadb3LXQF2PUK4Qg==
  dependencies:
    react-native-ease latest

react-native-ease@latest:
  version "0.3.0"
  resolved "https://registry.yarnpkg.com/react-native-ease/-/react-native-ease-0.3.0.tgz#16041a5a3cd213d19222989b510e961771fcc4b2"
  integrity sha512-z58hxZ4cqbArGjHlYeP1ogVUFn5Gku5WM57X2AA3oDto7X7bU9DliGxVrPcyhSLxJLIZVuPmC0HuOysX1LcNkA==
